
Microsoft Visual Studio Solution File, Format Version 12.00
# Visual Studio 15
VisualStudioVersion = 15.0.28307.168
MinimumVisualStudioVersion = 10.0.40219.1
Project("{9A19103F-16F7-4668-BE54-9A1E7A4F7556}") = "Recore.Collections.Generic", "Recore.Collections.Generic\src\Recore.Collections.Generic.csproj", "{3BEDA294-DCCE-4CAA-B2DC-8FB6D38C549E}"
EndProject
Project("{9A19103F-16F7-4668-BE54-9A1E7A4F7556}") = "Recore.Functional", "Recore.Functional\src\Recore.Functional.csproj", "{E07C84FA-D24F-4D7D-BC80-822057D490EE}"
EndProject
Project("{9A19103F-16F7-4668-BE54-9A1E7A4F7556}") = "Recore.Linq", "Recore.Linq\src\Recore.Linq.csproj", "{9C7630E3-BF55-42EB-B3D7-FBA8D9964BFB}"
EndProject
Project("{9A19103F-16F7-4668-BE54-9A1E7A4F7556}") = "Recore.Net.Http", "Recore.Net.Http\src\Recore.Net.Http.csproj", "{84E53BCD-821C-431A-A647-8540EBC71C9D}"
EndProject
Project("{9A19103F-16F7-4668-BE54-9A1E7A4F7556}") = "Recore.Security", "Recore.Security\src\Recore.Security.csproj", "{CBC9FA7A-7A34-4F10-AFCD-8E3D6D48770D}"
EndProject
Project("{9A19103F-16F7-4668-BE54-9A1E7A4F7556}") = "Recore.Threading.Tasks", "Recore.Threading.Tasks\src\Recore.Threading.Tasks.csproj", "{0C593AAA-FBB7-4D21-ADA2-CCE5A2FF11F8}"
EndProject
Project("{9A19103F-16F7-4668-BE54-9A1E7A4F7556}") = "Recore.Text", "Recore.Text\src\Recore.Text.csproj", "{780F98D1-BF9D-4D19-BFEE-88318C5C8375}"
EndProject
Project("{9A19103F-16F7-4668-BE54-9A1E7A4F7556}") = "Recore.Text.Tests", "Recore.Text\test\Recore.Text.Tests.csproj", "{121EF333-B767-4360-B40D-FD664171AA81}"
EndProject
Project("{9A19103F-16F7-4668-BE54-9A1E7A4F7556}") = "Recore", "Recore\src\Recore.csproj", "{4346B3CC-DC12-4FBB-AC42-AE735403E4EB}"
EndProject
Project("{9A19103F-16F7-4668-BE54-9A1E7A4F7556}") = "Recore.Tests", "Recore\test\Recore.Tests.csproj", "{52CA3CAC-E294-4D93-8D30-C6005ACAA040}"
EndProject
Global
	GlobalSection(SolutionConfigurationPlatforms) = preSolution
		Debug|Any CPU = Debug|Any CPU
		Release|Any CPU = Release|Any CPU
	EndGlobalSection
	GlobalSection(ProjectConfigurationPlatforms) = postSolution
		{3BEDA294-DCCE-4CAA-B2DC-8FB6D38C549E}.Debug|Any CPU.ActiveCfg = Debug|Any CPU
		{3BEDA294-DCCE-4CAA-B2DC-8FB6D38C549E}.Debug|Any CPU.Build.0 = Debug|Any CPU
		{3BEDA294-DCCE-4CAA-B2DC-8FB6D38C549E}.Release|Any CPU.ActiveCfg = Release|Any CPU
		{3BEDA294-DCCE-4CAA-B2DC-8FB6D38C549E}.Release|Any CPU.Build.0 = Release|Any CPU
		{E07C84FA-D24F-4D7D-BC80-822057D490EE}.Debug|Any CPU.ActiveCfg = Debug|Any CPU
		{E07C84FA-D24F-4D7D-BC80-822057D490EE}.Debug|Any CPU.Build.0 = Debug|Any CPU
		{E07C84FA-D24F-4D7D-BC80-822057D490EE}.Release|Any CPU.ActiveCfg = Release|Any CPU
		{E07C84FA-D24F-4D7D-BC80-822057D490EE}.Release|Any CPU.Build.0 = Release|Any CPU
		{9C7630E3-BF55-42EB-B3D7-FBA8D9964BFB}.Debug|Any CPU.ActiveCfg = Debug|Any CPU
		{9C7630E3-BF55-42EB-B3D7-FBA8D9964BFB}.Debug|Any CPU.Build.0 = Debug|Any CPU
		{9C7630E3-BF55-42EB-B3D7-FBA8D9964BFB}.Release|Any CPU.ActiveCfg = Release|Any CPU
		{9C7630E3-BF55-42EB-B3D7-FBA8D9964BFB}.Release|Any CPU.Build.0 = Release|Any CPU
		{84E53BCD-821C-431A-A647-8540EBC71C9D}.Debug|Any CPU.ActiveCfg = Debug|Any CPU
		{84E53BCD-821C-431A-A647-8540EBC71C9D}.Debug|Any CPU.Build.0 = Debug|Any CPU
		{84E53BCD-821C-431A-A647-8540EBC71C9D}.Release|Any CPU.ActiveCfg = Release|Any CPU
		{84E53BCD-821C-431A-A647-8540EBC71C9D}.Release|Any CPU.Build.0 = Release|Any CPU
		{CBC9FA7A-7A34-4F10-AFCD-8E3D6D48770D}.Debug|Any CPU.ActiveCfg = Debug|Any CPU
		{CBC9FA7A-7A34-4F10-AFCD-8E3D6D48770D}.Debug|Any CPU.Build.0 = Debug|Any CPU
		{CBC9FA7A-7A34-4F10-AFCD-8E3D6D48770D}.Release|Any CPU.ActiveCfg = Release|Any CPU
		{CBC9FA7A-7A34-4F10-AFCD-8E3D6D48770D}.Release|Any CPU.Build.0 = Release|Any CPU
		{0C593AAA-FBB7-4D21-ADA2-CCE5A2FF11F8}.Debug|Any CPU.ActiveCfg = Debug|Any CPU
		{0C593AAA-FBB7-4D21-ADA2-CCE5A2FF11F8}.Debug|Any CPU.Build.0 = Debug|Any CPU
		{0C593AAA-FBB7-4D21-ADA2-CCE5A2FF11F8}.Release|Any CPU.ActiveCfg = Release|Any CPU
		{0C593AAA-FBB7-4D21-ADA2-CCE5A2FF11F8}.Release|Any CPU.Build.0 = Release|Any CPU
		{780F98D1-BF9D-4D19-BFEE-88318C5C8375}.Debug|Any CPU.ActiveCfg = Debug|Any CPU
		{780F98D1-BF9D-4D19-BFEE-88318C5C8375}.Debug|Any CPU.Build.0 = Debug|Any CPU
		{780F98D1-BF9D-4D19-BFEE-88318C5C8375}.Release|Any CPU.ActiveCfg = Release|Any CPU
		{780F98D1-BF9D-4D19-BFEE-88318C5C8375}.Release|Any CPU.Build.0 = Release|Any CPU
		{121EF333-B767-4360-B40D-FD664171AA81}.Debug|Any CPU.ActiveCfg = Debug|Any CPU
		{121EF333-B767-4360-B40D-FD664171AA81}.Debug|Any CPU.Build.0 = Debug|Any CPU
		{121EF333-B767-4360-B40D-FD664171AA81}.Release|Any CPU.ActiveCfg = Release|Any CPU
		{121EF333-B767-4360-B40D-FD664171AA81}.Release|Any CPU.Build.0 = Release|Any CPU
		{4346B3CC-DC12-4FBB-AC42-AE735403E4EB}.Debug|Any CPU.ActiveCfg = Debug|Any CPU
		{4346B3CC-DC12-4FBB-AC42-AE735403E4EB}.Debug|Any CPU.Build.0 = Debug|Any CPU
		{4346B3CC-DC12-4FBB-AC42-AE735403E4EB}.Release|Any CPU.ActiveCfg = Release|Any CPU
		{4346B3CC-DC12-4FBB-AC42-AE735403E4EB}.Release|Any CPU.Build.0 = Release|Any CPU
		{52CA3CAC-E294-4D93-8D30-C6005ACAA040}.Debug|Any CPU.ActiveCfg = Debug|Any CPU
		{52CA3CAC-E294-4D93-8D30-C6005ACAA040}.Debug|Any CPU.Build.0 = Debug|Any CPU
		{52CA3CAC-E294-4D93-8D30-C6005ACAA040}.Release|Any CPU.ActiveCfg = Release|Any CPU
		{52CA3CAC-E294-4D93-8D30-C6005ACAA040}.Release|Any CPU.Build.0 = Release|Any CPU
	EndGlobalSection
	GlobalSection(SolutionProperties) = preSolution
		HideSolutionNode = FALSE
	EndGlobalSection
	GlobalSection(ExtensibilityGlobals) = postSolution
		SolutionGuid = {A2E9204D-BAAE-465C-9314-F7CCD28F36F4}
	EndGlobalSection
EndGlobal
